
Microsoft Visual Studio Solution File, Format Version 12.00
# Visual Studio 15
VisualStudioVersion = 15.0.27428.2002
MinimumVisualStudioVersion = 10.0.40219.1
Project("{FAE04EC0-301F-11D3-BF4B-00C04F79EFBC}") = "WpfApp2", "WpfApp2\WpfApp2.csproj", "{1A2E7FEF-B705-4185-AA0C-7BD403DA3C49}"
EndProject
Global
	GlobalSection(SolutionConfigurationPlatforms) = preSolution
		Debug|Any CPU = Debug|Any CPU
		Release|Any CPU = Release|Any CPU
	EndGlobalSection
	GlobalSection(ProjectConfigurationPlatforms) = postSolution
		{1A2E7FEF-B705-4185-AA0C-7BD403DA3C49}.Debug|Any CPU.ActiveCfg = Debug|Any CPU
		{1A2E7FEF-B705-4185-AA0C-7BD403DA3C49}.Debug|Any CPU.Build.0 = Debug|Any CPU
		{1A2E7FEF-B705-4185-AA0C-7BD403DA3C49}.Release|Any CPU.ActiveCfg = Release|Any CPU
		{1A2E7FEF-B705-4185-AA0C-7BD403DA3C49}.Release|Any CPU.Build.0 = Release|Any CPU
	EndGlobalSection
	GlobalSection(SolutionProperties) = preSolution
		HideSolutionNode = FALSE
	EndGlobalSection
	GlobalSection(ExtensibilityGlobals) = postSolution
		SolutionGuid = {64881339-BEB0-4CDA-8D69-A39C9D658039}
	EndGlobalSection
EndGlobal
